PODS:
  - HPUIViewExtensions (0.1.21)

DEPENDENCIES:
  - HPUIViewExtensions (from `../`)

EXTERNAL SOURCES:
  HPUIViewExtensions:
    :path: ../

SPEC CHECKSUMS:
  HPUIViewExtensions: 8e65a966e211f6ca0233aff26782dd2696c0f293

PODFILE CHECKSUM: 57938c264031a8c94696af9d162edd328f12207f

COCOAPODS: 1.2.1
